// !$*UTF8*$!
{
	archiveVersion = 1;
	classes = {
	};
	objectVersion = 48;
	objects = {

/* Begin PBXBuildFile section */
		004AE13E1FF396450054168F /* main.cpp in Sources */ = {isa = PBXBuildFile; fileRef = 004AE13D1FF396450054168F /* main.cpp */; };
		004AE1591FF396B70054168F /* Actin_membrane_shared_functions.cpp in Sources */ = {isa = PBXBuildFile; fileRef = 004AE1491FF396B50054168F /* Actin_membrane_shared_functions.cpp */; };
		004AE15A1FF396B70054168F /* Actin_functions.cpp in Sources */ = {isa = PBXBuildFile; fileRef = 004AE14B1FF396B50054168F /* Actin_functions.cpp */; };
		004AE15B1FF396B70054168F /* Membrane_functions.cpp in Sources */ = {isa = PBXBuildFile; fileRef = 004AE14D1FF396B50054168F /* Membrane_functions.cpp */; };
		004AE15C1FF396B70054168F /* General_functions.cpp in Sources */ = {isa = PBXBuildFile; fileRef = 004AE1521FF396B60054168F /* General_functions.cpp */; };
		004AE15D1FF396B70054168F /* ECM_functions.cpp in Sources */ = {isa = PBXBuildFile; fileRef = 004AE1551FF396B60054168F /* ECM_functions.cpp */; };
		004AE15E1FF396B70054168F /* Chromatin_functions.cpp in Sources */ = {isa = PBXBuildFile; fileRef = 004AE1571FF396B60054168F /* Chromatin_functions.cpp */; };
		005BAB0D20F1EF8E00A278EA /* Thermostat.cpp in Sources */ = {isa = PBXBuildFile; fileRef = 005BAB0B20F1EF8E00A278EA /* Thermostat.cpp */; };
		005BAB0F20F37EA700A278EA /* N6_Thermostat.cpp in Sources */ = {isa = PBXBuildFile; fileRef = 005BAB0E20F37EA700A278EA /* N6_Thermostat.cpp */; };
		005BAB1120F37F0000A278EA /* COM_calculators.cpp in Sources */ = {isa = PBXBuildFile; fileRef = 005BAB1020F37F0000A278EA /* COM_calculators.cpp */; };
		00A1A0D3205934DC00DA4F68 /* Monte_Carlo_Bond_Flip.cpp in Sources */ = {isa = PBXBuildFile; fileRef = 00A1A0D2205934DC00DA4F68 /* Monte_Carlo_Bond_Flip.cpp */; };
/* End PBXBuildFile section */

/* Begin PBXCopyFilesBuildPhase section */
		004AE1381FF396450054168F /* CopyFiles */ = {
			isa = PBXCopyFilesBuildPhase;
			buildActionMask = 2147483647;
			dstPath = /usr/share/man/man1/;
			dstSubfolderSpec = 0;
			files = (
			);
			runOnlyForDeploymentPostprocessing = 1;
		};
/* End PBXCopyFilesBuildPhase section */

/* Begin PBXFileReference section */
		004AE13A1FF396450054168F /* Red Blood Cell */ = {isa = PBXFileReference; explicitFileType = "compiled.mach-o.executable"; includeInIndex = 0; path = "Red Blood Cell"; sourceTree = BUILT_PRODUCTS_DIR; };
		004AE13D1FF396450054168F /* main.cpp */ = {isa = PBXFileReference; lastKnownFileType = sourcecode.cpp.cpp; path = main.cpp; sourceTree = "<group>"; };
		004AE1441FF396B40054168F /* Actin_membrane_shared_functions.hpp */ = {isa = PBXFileReference; lastKnownFileType = sourcecode.cpp.h; path = Actin_membrane_shared_functions.hpp; sourceTree = "<group>"; };
		004AE1451FF396B40054168F /* General_ECM.h */ = {isa = PBXFileReference; lastKnownFileType = sourcecode.c.h; path = General_ECM.h; sourceTree = "<group>"; };
		004AE1481FF396B50054168F /* General_functions.hpp */ = {isa = PBXFileReference; lastKnownFileType = sourcecode.cpp.h; path = General_functions.hpp; sourceTree = "<group>"; };
		004AE1491FF396B50054168F /* Actin_membrane_shared_functions.cpp */ = {isa = PBXFileReference; lastKnownFileType = sourcecode.cpp.cpp; path = Actin_membrane_shared_functions.cpp; sourceTree = "<group>"; };
		004AE14A1FF396B50054168F /* General_Membrane.h */ = {isa = PBXFileReference; lastKnownFileType = sourcecode.c.h; path = General_Membrane.h; sourceTree = "<group>"; };
		004AE14B1FF396B50054168F /* Actin_functions.cpp */ = {isa = PBXFileReference; lastKnownFileType = sourcecode.cpp.cpp; path = Actin_functions.cpp; sourceTree = "<group>"; };
		004AE14C1FF396B50054168F /* General_Chromatin.h */ = {isa = PBXFileReference; lastKnownFileType = sourcecode.c.h; path = General_Chromatin.h; sourceTree = "<group>"; };
		004AE14D1FF396B50054168F /* Membrane_functions.cpp */ = {isa = PBXFileReference; lastKnownFileType = sourcecode.cpp.cpp; path = Membrane_functions.cpp; sourceTree = "<group>"; };
		004AE14E1FF396B50054168F /* Actin_functions.hpp */ = {isa = PBXFileReference; lastKnownFileType = sourcecode.cpp.h; path = Actin_functions.hpp; sourceTree = "<group>"; };
		004AE14F1FF396B50054168F /* ECM_functions.hpp */ = {isa = PBXFileReference; lastKnownFileType = sourcecode.cpp.h; path = ECM_functions.hpp; sourceTree = "<group>"; };
		004AE1501FF396B60054168F /* General_Actin_Membrane_shared.h */ = {isa = PBXFileReference; lastKnownFileType = sourcecode.c.h; path = General_Actin_Membrane_shared.h; sourceTree = "<group>"; };
		004AE1511FF396B60054168F /* General_Actin.h */ = {isa = PBXFileReference; lastKnownFileType = sourcecode.c.h; path = General_Actin.h; sourceTree = "<group>"; };
		004AE1521FF396B60054168F /* General_functions.cpp */ = {isa = PBXFileReference; lastKnownFileType = sourcecode.cpp.cpp; path = General_functions.cpp; sourceTree = "<group>"; };
		004AE1531FF396B60054168F /* Membrane_functions.hpp */ = {isa = PBXFileReference; lastKnownFileType = sourcecode.cpp.h; path = Membrane_functions.hpp; sourceTree = "<group>"; };
		004AE1541FF396B60054168F /* Chromatin_functions.hpp */ = {isa = PBXFileReference; lastKnownFileType = sourcecode.cpp.h; path = Chromatin_functions.hpp; sourceTree = "<group>"; };
		004AE1551FF396B60054168F /* ECM_functions.cpp */ = {isa = PBXFileReference; lastKnownFileType = sourcecode.cpp.cpp; path = ECM_functions.cpp; sourceTree = "<group>"; };
		004AE1561FF396B60054168F /* General_constants.h */ = {isa = PBXFileReference; lastKnownFileType = sourcecode.c.h; path = General_constants.h; sourceTree = "<group>"; };
		004AE1571FF396B60054168F /* Chromatin_functions.cpp */ = {isa = PBXFileReference; lastKnownFileType = sourcecode.cpp.cpp; path = Chromatin_functions.cpp; sourceTree = "<group>"; };
		005BAB0B20F1EF8E00A278EA /* Thermostat.cpp */ = {isa = PBXFileReference; lastKnownFileType = sourcecode.cpp.cpp; path = Thermostat.cpp; sourceTree = "<group>"; };
		005BAB0C20F1EF8E00A278EA /* Thermostat.hpp */ = {isa = PBXFileReference; lastKnownFileType = sourcecode.cpp.h; path = Thermostat.hpp; sourceTree = "<group>"; };
		005BAB0E20F37EA700A278EA /* N6_Thermostat.cpp */ = {isa = PBXFileReference; lastKnownFileType = sourcecode.cpp.cpp; path = N6_Thermostat.cpp; sourceTree = "<group>"; };
		005BAB1020F37F0000A278EA /* COM_calculators.cpp */ = {isa = PBXFileReference; lastKnownFileType = sourcecode.cpp.cpp; path = COM_calculators.cpp; sourceTree = "<group>"; };
		00A1A0D1205934DB00DA4F68 /* Monte_Carlo_Bond_Flip.hpp */ = {isa = PBXFileReference; lastKnownFileType = sourcecode.cpp.h; path = Monte_Carlo_Bond_Flip.hpp; sourceTree = "<group>"; };
		00A1A0D2205934DC00DA4F68 /* Monte_Carlo_Bond_Flip.cpp */ = {isa = PBXFileReference; lastKnownFileType = sourcecode.cpp.cpp; path = Monte_Carlo_Bond_Flip.cpp; sourceTree = "<group>"; };
/* End PBXFileReference section */

/* Begin PBXFrameworksBuildPhase section */
		004AE1371FF396450054168F /* Frameworks */ = {
			isa = PBXFrameworksBuildPhase;
			buildActionMask = 2147483647;
			files = (
			);
			runOnlyForDeploymentPostprocessing = 0;
		};
/* End PBXFrameworksBuildPhase section */

/* Begin PBXGroup section */
		004AE1311FF396450054168F = {
			isa = PBXGroup;
			children = (
				004AE13C1FF396450054168F /* Red Blood Cell */,
				004AE13B1FF396450054168F /* Products */,
			);
			sourceTree = "<group>";
		};
		004AE13B1FF396450054168F /* Products */ = {
			isa = PBXGroup;
			children = (
				004AE13A1FF396450054168F /* Red Blood Cell */,
			);
			name = Products;
			sourceTree = "<group>";
		};
		004AE13C1FF396450054168F /* Red Blood Cell */ = {
			isa = PBXGroup;
			children = (
				005BAB1220F37F3400A278EA /* Thermostat */,
				004AE13D1FF396450054168F /* main.cpp */,
				00A1A0D2205934DC00DA4F68 /* Monte_Carlo_Bond_Flip.cpp */,
				00A1A0D1205934DB00DA4F68 /* Monte_Carlo_Bond_Flip.hpp */,
				004AE1561FF396B60054168F /* General_constants.h */,
				004AE14B1FF396B50054168F /* Actin_functions.cpp */,
				004AE14E1FF396B50054168F /* Actin_functions.hpp */,
				004AE1511FF396B60054168F /* General_Actin.h */,
				004AE1491FF396B50054168F /* Actin_membrane_shared_functions.cpp */,
				004AE1441FF396B40054168F /* Actin_membrane_shared_functions.hpp */,
				004AE1501FF396B60054168F /* General_Actin_Membrane_shared.h */,
				004AE1571FF396B60054168F /* Chromatin_functions.cpp */,
				004AE1541FF396B60054168F /* Chromatin_functions.hpp */,
				004AE14C1FF396B50054168F /* General_Chromatin.h */,
				004AE1551FF396B60054168F /* ECM_functions.cpp */,
				004AE14F1FF396B50054168F /* ECM_functions.hpp */,
				004AE1451FF396B40054168F /* General_ECM.h */,
				004AE1521FF396B60054168F /* General_functions.cpp */,
				004AE1481FF396B50054168F /* General_functions.hpp */,
				004AE14D1FF396B50054168F /* Membrane_functions.cpp */,
				004AE1531FF396B60054168F /* Membrane_functions.hpp */,
				004AE14A1FF396B50054168F /* General_Membrane.h */,
			);
			path = "Red Blood Cell";
			sourceTree = "<group>";
		};
		005BAB1220F37F3400A278EA /* Thermostat */ = {
			isa = PBXGroup;
			children = (
				005BAB0B20F1EF8E00A278EA /* Thermostat.cpp */,
				005BAB1020F37F0000A278EA /* COM_calculators.cpp */,
				005BAB0E20F37EA700A278EA /* N6_Thermostat.cpp */,
				005BAB0C20F1EF8E00A278EA /* Thermostat.hpp */,
			);
			path = Thermostat;
			sourceTree = "<group>";
		};
/* End PBXGroup section */

/* Begin PBXNativeTarget section */
		004AE1391FF396450054168F /* Red Blood Cell */ = {
			isa = PBXNativeTarget;
			buildConfigurationList = 004AE1411FF396450054168F /* Build configuration list for PBXNativeTarget "Red Blood Cell" */;
			buildPhases = (
				004AE1361FF396450054168F /* Sources */,
				004AE1371FF396450054168F /* Frameworks */,
				004AE1381FF396450054168F /* CopyFiles */,
			);
			buildRules = (
			);
			dependencies = (
			);
			name = "Red Blood Cell";
			productName = "Red Blood Cell";
			productReference = 004AE13A1FF396450054168F /* Red Blood Cell */;
			productType = "com.apple.product-type.tool";
		};
/* End PBXNativeTarget section */

/* Begin PBXProject section */
		004AE1321FF396450054168F /* Project object */ = {
			isa = PBXProject;
			attributes = {
				LastUpgradeCheck = 0900;
				ORGANIZATIONNAME = "Ali Farnudi";
				TargetAttributes = {
					004AE1391FF396450054168F = {
						CreatedOnToolsVersion = 9.0;
						ProvisioningStyle = Automatic;
					};
				};
			};
			buildConfigurationList = 004AE1351FF396450054168F /* Build configuration list for PBXProject "Red Blood Cell" */;
			compatibilityVersion = "Xcode 8.0";
			developmentRegion = en;
			hasScannedForEncodings = 0;
			knownRegions = (
				en,
			);
			mainGroup = 004AE1311FF396450054168F;
			productRefGroup = 004AE13B1FF396450054168F /* Products */;
			projectDirPath = "";
			projectRoot = "";
			targets = (
				004AE1391FF396450054168F /* Red Blood Cell */,
			);
		};
/* End PBXProject section */

/* Begin PBXSourcesBuildPhase section */
		004AE1361FF396450054168F /* Sources */ = {
			isa = PBXSourcesBuildPhase;
			buildActionMask = 2147483647;
			files = (
				004AE15C1FF396B70054168F /* General_functions.cpp in Sources */,
				00A1A0D3205934DC00DA4F68 /* Monte_Carlo_Bond_Flip.cpp in Sources */,
				004AE1591FF396B70054168F /* Actin_membrane_shared_functions.cpp in Sources */,
				005BAB0D20F1EF8E00A278EA /* Thermostat.cpp in Sources */,
				005BAB1120F37F0000A278EA /* COM_calculators.cpp in Sources */,
				005BAB0F20F37EA700A278EA /* N6_Thermostat.cpp in Sources */,
				004AE15B1FF396B70054168F /* Membrane_functions.cpp in Sources */,
				004AE13E1FF396450054168F /* main.cpp in Sources */,
				004AE15E1FF396B70054168F /* Chromatin_functions.cpp in Sources */,
				004AE15A1FF396B70054168F /* Actin_functions.cpp in Sources */,
				004AE15D1FF396B70054168F /* ECM_functions.cpp in Sources */,
			);
			runOnlyForDeploymentPostprocessing = 0;
		};
/* End PBXSourcesBuildPhase section */

/* Begin XCBuildConfiguration section */
		004AE13F1FF396450054168F /* Debug */ = {
			isa = XCBuildConfiguration;
			buildSettings = {
				ALWAYS_SEARCH_USER_PATHS = NO;
				CLANG_ANALYZER_NONNULL = YES;
				CLANG_ANALYZER_NUMBER_OBJECT_CONVERSION = YES_AGGRESSIVE;
				CLANG_CXX_LANGUAGE_STANDARD = "gnu++14";
				CLANG_CXX_LIBRARY = "libc++";
				CLANG_ENABLE_MODULES = YES;
				CLANG_ENABLE_OBJC_ARC = YES;
				CLANG_WARN_BLOCK_CAPTURE_AUTORELEASING = YES;
				CLANG_WARN_BOOL_CONVERSION = YES;
				CLANG_WARN_COMMA = YES;
				CLANG_WARN_CONSTANT_CONVERSION = YES;
				CLANG_WARN_DIRECT_OBJC_ISA_USAGE = YES_ERROR;
				CLANG_WARN_DOCUMENTATION_COMMENTS = YES;
				CLANG_WARN_EMPTY_BODY = YES;
				CLANG_WARN_ENUM_CONVERSION = YES;
				CLANG_WARN_INFINITE_RECURSION = YES;
				CLANG_WARN_INT_CONVERSION = YES;
				CLANG_WARN_NON_LITERAL_NULL_CONVERSION = YES;
				CLANG_WARN_OBJC_LITERAL_CONVERSION = YES;
				CLANG_WARN_OBJC_ROOT_CLASS = YES_ERROR;
				CLANG_WARN_RANGE_LOOP_ANALYSIS = YES;
				CLANG_WARN_STRICT_PROTOTYPES = YES;
				CLANG_WARN_SUSPICIOUS_MOVE = YES;
				CLANG_WARN_UNGUARDED_AVAILABILITY = YES_AGGRESSIVE;
				CLANG_WARN_UNREACHABLE_CODE = YES;
				CLANG_WARN__DUPLICATE_METHOD_MATCH = YES;
				CODE_SIGN_IDENTITY = "-";
				COPY_PHASE_STRIP = NO;
				DEBUG_INFORMATION_FORMAT = dwarf;
				ENABLE_STRICT_OBJC_MSGSEND = YES;
				ENABLE_TESTABILITY = YES;
				GCC_C_LANGUAGE_STANDARD = gnu11;
				GCC_DYNAMIC_NO_PIC = NO;
				GCC_NO_COMMON_BLOCKS = YES;
				GCC_OPTIMIZATION_LEVEL = 0;
				GCC_PREPROCESSOR_DEFINITIONS = (
					"DEBUG=1",
					"$(inherited)",
				);
				GCC_WARN_64_TO_32_BIT_CONVERSION = YES;
				GCC_WARN_ABOUT_RETURN_TYPE = YES_ERROR;
				GCC_WARN_UNDECLARED_SELECTOR = YES;
				GCC_WARN_UNINITIALIZED_AUTOS = YES_AGGRESSIVE;
				GCC_WARN_UNUSED_FUNCTION = YES;
				GCC_WARN_UNUSED_VARIABLE = YES;
				MACOSX_DEPLOYMENT_TARGET = 10.13;
				MTL_ENABLE_DEBUG_INFO = YES;
				ONLY_ACTIVE_ARCH = YES;
				SDKROOT = macosx;
			};
			name = Debug;
		};
		004AE1401FF396450054168F /* Release */ = {
			isa = XCBuildConfiguration;
			buildSettings = {
				ALWAYS_SEARCH_USER_PATHS = NO;
				CLANG_ANALYZER_NONNULL = YES;
				CLANG_ANALYZER_NUMBER_OBJECT_CONVERSION = YES_AGGRESSIVE;
				CLANG_CXX_LANGUAGE_STANDARD = "gnu++14";
				CLANG_CXX_LIBRARY = "libc++";
				CLANG_ENABLE_MODULES = YES;
				CLANG_ENABLE_OBJC_ARC = YES;
				CLANG_WARN_BLOCK_CAPTURE_AUTORELEASING = YES;
				CLANG_WARN_BOOL_CONVERSION = YES;
				CLANG_WARN_COMMA = YES;
				CLANG_WARN_CONSTANT_CONVERSION = YES;
				CLANG_WARN_DIRECT_OBJC_ISA_USAGE = YES_ERROR;
				CLANG_WARN_DOCUMENTATION_COMMENTS = YES;
				CLANG_WARN_EMPTY_BODY = YES;
				CLANG_WARN_ENUM_CONVERSION = YES;
				CLANG_WARN_INFINITE_RECURSION = YES;
				CLANG_WARN_INT_CONVERSION = YES;
				CLANG_WARN_NON_LITERAL_NULL_CONVERSION = YES;
				CLANG_WARN_OBJC_LITERAL_CONVERSION = YES;
				CLANG_WARN_OBJC_ROOT_CLASS = YES_ERROR;
				CLANG_WARN_RANGE_LOOP_ANALYSIS = YES;
				CLANG_WARN_STRICT_PROTOTYPES = YES;
				CLANG_WARN_SUSPICIOUS_MOVE = YES;
				CLANG_WARN_UNGUARDED_AVAILABILITY = YES_AGGRESSIVE;
				CLANG_WARN_UNREACHABLE_CODE = YES;
				CLANG_WARN__DUPLICATE_METHOD_MATCH = YES;
				CODE_SIGN_IDENTITY = "-";
				COPY_PHASE_STRIP = NO;
				DEBUG_INFORMATION_FORMAT = "dwarf-with-dsym";
				ENABLE_NS_ASSERTIONS = NO;
				ENABLE_STRICT_OBJC_MSGSEND = YES;
				GCC_C_LANGUAGE_STANDARD = gnu11;
				GCC_NO_COMMON_BLOCKS = YES;
				GCC_WARN_64_TO_32_BIT_CONVERSION = YES;
				GCC_WARN_ABOUT_RETURN_TYPE = YES_ERROR;
				GCC_WARN_UNDECLARED_SELECTOR = YES;
				GCC_WARN_UNINITIALIZED_AUTOS = YES_AGGRESSIVE;
				GCC_WARN_UNUSED_FUNCTION = YES;
				GCC_WARN_UNUSED_VARIABLE = YES;
				MACOSX_DEPLOYMENT_TARGET = 10.13;
				MTL_ENABLE_DEBUG_INFO = NO;
				SDKROOT = macosx;
			};
			name = Release;
		};
		004AE1421FF396450054168F /* Debug */ = {
			isa = XCBuildConfiguration;
			buildSettings = {
				CLANG_CXX_LANGUAGE_STANDARD = "c++0x";
				CLANG_CXX_LIBRARY = "libc++";
				CODE_SIGN_STYLE = Automatic;
				GCC_OPTIMIZATION_LEVEL = 2;
				PRODUCT_NAME = "$(TARGET_NAME)";
			};
			name = Debug;
		};
		004AE1431FF396450054168F /* Release */ = {
			isa = XCBuildConfiguration;
			buildSettings = {
				CLANG_CXX_LANGUAGE_STANDARD = "c++0x";
				CLANG_CXX_LIBRARY = "libc++";
				CODE_SIGN_STYLE = Automatic;
				PRODUCT_NAME = "$(TARGET_NAME)";
			};
			name = Release;
		};
/* End XCBuildConfiguration section */

/* Begin XCConfigurationList section */
		004AE1351FF396450054168F /* Build configuration list for PBXProject "Red Blood Cell" */ = {
			isa = XCConfigurationList;
			buildConfigurations = (
				004AE13F1FF396450054168F /* Debug */,
				004AE1401FF396450054168F /* Release */,
			);
			defaultConfigurationIsVisible = 0;
			defaultConfigurationName = Release;
		};
		004AE1411FF396450054168F /* Build configuration list for PBXNativeTarget "Red Blood Cell" */ = {
			isa = XCConfigurationList;
			buildConfigurations = (
				004AE1421FF396450054168F /* Debug */,
				004AE1431FF396450054168F /* Release */,
			);
			defaultConfigurationIsVisible = 0;
			defaultConfigurationName = Release;
		};
/* End XCConfigurationList section */
	};
	rootObject = 004AE1321FF396450054168F /* Project object */;
}
